// !$*UTF8*$!
{
	archiveVersion = 1;
	classes = {
	};
	objectVersion = 50;
	objects = {

/* Begin PBXBuildFile section */
		7EF8D09D279490BC00B45A5B /* AppDelegate.swift in Sources */ = {isa = PBXBuildFile; fileRef = 7EF8D09C279490BC00B45A5B /* AppDelegate.swift */; };
		7EF8D09F279490BC00B45A5B /* SceneDelegate.swift in Sources */ = {isa = PBXBuildFile; fileRef = 7EF8D09E279490BC00B45A5B /* SceneDelegate.swift */; };
		7EF8D0A1279490BC00B45A5B /* ViewController.swift in Sources */ = {isa = PBXBuildFile; fileRef = 7EF8D0A0279490BC00B45A5B /* ViewController.swift */; };
		7EF8D0A4279490BC00B45A5B /* Main.storyboard in Resources */ = {isa = PBXBuildFile; fileRef = 7EF8D0A2279490BC00B45A5B /* Main.storyboard */; };
		7EF8D0A7279490BC00B45A5B /* bezier.xcdatamodeld in Sources */ = {isa = PBXBuildFile; fileRef = 7EF8D0A5279490BC00B45A5B /* bezier.xcdatamodeld */; };
		7EF8D0A9279490BD00B45A5B /* Assets.xcassets in Resources */ = {isa = PBXBuildFile; fileRef = 7EF8D0A8279490BD00B45A5B /* Assets.xcassets */; };
		7EF8D0AC279490BD00B45A5B /* LaunchScreen.storyboard in Resources */ = {isa = PBXBuildFile; fileRef = 7EF8D0AA279490BD00B45A5B /* LaunchScreen.storyboard */; };
		7EF8D0B7279490BE00B45A5B /* bezierTests.swift in Sources */ = {isa = PBXBuildFile; fileRef = 7EF8D0B6279490BE00B45A5B /* bezierTests.swift */; };
		7EF8D0C2279490BE00B45A5B /* bezierUITests.swift in Sources */ = {isa = PBXBuildFile; fileRef = 7EF8D0C1279490BE00B45A5B /* bezierUITests.swift */; };
/* End PBXBuildFile section */

/* Begin PBXContainerItemProxy section */
		7EF8D0B3279490BD00B45A5B /* PBXContainerItemProxy */ = {
			isa = PBXContainerItemProxy;
			containerPortal = 7EF8D091279490BC00B45A5B /* Project object */;
			proxyType = 1;
			remoteGlobalIDString = 7EF8D098279490BC00B45A5B;
			remoteInfo = bezier;
		};
		7EF8D0BE279490BE00B45A5B /* PBXContainerItemProxy */ = {
			isa = PBXContainerItemProxy;
			containerPortal = 7EF8D091279490BC00B45A5B /* Project object */;
			proxyType = 1;
			remoteGlobalIDString = 7EF8D098279490BC00B45A5B;
			remoteInfo = bezier;
		};
/* End PBXContainerItemProxy section */

/* Begin PBXFileReference section */
		7EF8D099279490BC00B45A5B /* bezier.app */ = {isa = PBXFileReference; explicitFileType = wrapper.application; includeInIndex = 0; path = bezier.app; sourceTree = BUILT_PRODUCTS_DIR; };
		7EF8D09C279490BC00B45A5B /* AppDelegate.swift */ = {isa = PBXFileReference; lastKnownFileType = sourcecode.swift; path = AppDelegate.swift; sourceTree = "<group>"; };
		7EF8D09E279490BC00B45A5B /* SceneDelegate.swift */ = {isa = PBXFileReference; lastKnownFileType = sourcecode.swift; path = SceneDelegate.swift; sourceTree = "<group>"; };
		7EF8D0A0279490BC00B45A5B /* ViewController.swift */ = {isa = PBXFileReference; lastKnownFileType = sourcecode.swift; path = ViewController.swift; sourceTree = "<group>"; };
		7EF8D0A3279490BC00B45A5B /* Base */ = {isa = PBXFileReference; lastKnownFileType = file.storyboard; name = Base; path = Base.lproj/Main.storyboard; sourceTree = "<group>"; };
		7EF8D0A6279490BC00B45A5B /* bezier.xcdatamodel */ = {isa = PBXFileReference; lastKnownFileType = wrapper.xcdatamodel; path = bezier.xcdatamodel; sourceTree = "<group>"; };
		7EF8D0A8279490BD00B45A5B /* Assets.xcassets */ = {isa = PBXFileReference; lastKnownFileType = folder.assetcatalog; path = Assets.xcassets; sourceTree = "<group>"; };
		7EF8D0AB279490BD00B45A5B /* Base */ = {isa = PBXFileReference; lastKnownFileType = file.storyboard; name = Base; path = Base.lproj/LaunchScreen.storyboard; sourceTree = "<group>"; };
		7EF8D0AD279490BD00B45A5B /* Info.plist */ = {isa = PBXFileReference; lastKnownFileType = text.plist.xml; path = Info.plist; sourceTree = "<group>"; };
		7EF8D0B2279490BD00B45A5B /* bezierTests.xctest */ = {isa = PBXFileReference; explicitFileType = wrapper.cfbundle; includeInIndex = 0; path = bezierTests.xctest; sourceTree = BUILT_PRODUCTS_DIR; };
		7EF8D0B6279490BE00B45A5B /* bezierTests.swift */ = {isa = PBXFileReference; lastKnownFileType = sourcecode.swift; path = bezierTests.swift; sourceTree = "<group>"; };
		7EF8D0B8279490BE00B45A5B /* Info.plist */ = {isa = PBXFileReference; lastKnownFileType = text.plist.xml; path = Info.plist; sourceTree = "<group>"; };
		7EF8D0BD279490BE00B45A5B /* bezierUITests.xctest */ = {isa = PBXFileReference; explicitFileType = wrapper.cfbundle; includeInIndex = 0; path = bezierUITests.xctest; sourceTree = BUILT_PRODUCTS_DIR; };
		7EF8D0C1279490BE00B45A5B /* bezierUITests.swift */ = {isa = PBXFileReference; lastKnownFileType = sourcecode.swift; path = bezierUITests.swift; sourceTree = "<group>"; };
		7EF8D0C3279490BE00B45A5B /* Info.plist */ = {isa = PBXFileReference; lastKnownFileType = text.plist.xml; path = Info.plist; sourceTree = "<group>"; };
/* End PBXFileReference section */

/* Begin PBXFrameworksBuildPhase section */
		7EF8D096279490BC00B45A5B /* Frameworks */ = {
			isa = PBXFrameworksBuildPhase;
			buildActionMask = 2147483647;
			files = (
			);
			runOnlyForDeploymentPostprocessing = 0;
		};
		7EF8D0AF279490BD00B45A5B /* Frameworks */ = {
			isa = PBXFrameworksBuildPhase;
			buildActionMask = 2147483647;
			files = (
			);
			runOnlyForDeploymentPostprocessing = 0;
		};
		7EF8D0BA279490BE00B45A5B /* Frameworks */ = {
			isa = PBXFrameworksBuildPhase;
			buildActionMask = 2147483647;
			files = (
			);
			runOnlyForDeploymentPostprocessing = 0;
		};
/* End PBXFrameworksBuildPhase section */

/* Begin PBXGroup section */
		7EF8D090279490BC00B45A5B = {
			isa = PBXGroup;
			children = (
				7EF8D09B279490BC00B45A5B /* bezier */,
				7EF8D0B5279490BE00B45A5B /* bezierTests */,
				7EF8D0C0279490BE00B45A5B /* bezierUITests */,
				7EF8D09A279490BC00B45A5B /* Products */,
			);
			sourceTree = "<group>";
		};
		7EF8D09A279490BC00B45A5B /* Products */ = {
			isa = PBXGroup;
			children = (
				7EF8D099279490BC00B45A5B /* bezier.app */,
				7EF8D0B2279490BD00B45A5B /* bezierTests.xctest */,
				7EF8D0BD279490BE00B45A5B /* bezierUITests.xctest */,
			);
			name = Products;
			sourceTree = "<group>";
		};
		7EF8D09B279490BC00B45A5B /* bezier */ = {
			isa = PBXGroup;
			children = (
				7EF8D09C279490BC00B45A5B /* AppDelegate.swift */,
				7EF8D09E279490BC00B45A5B /* SceneDelegate.swift */,
				7EF8D0A0279490BC00B45A5B /* ViewController.swift */,
				7EF8D0A2279490BC00B45A5B /* Main.storyboard */,
				7EF8D0A8279490BD00B45A5B /* Assets.xcassets */,
				7EF8D0AA279490BD00B45A5B /* LaunchScreen.storyboard */,
				7EF8D0AD279490BD00B45A5B /* Info.plist */,
				7EF8D0A5279490BC00B45A5B /* bezier.xcdatamodeld */,
			);
			path = bezier;
			sourceTree = "<group>";
		};
		7EF8D0B5279490BE00B45A5B /* bezierTests */ = {
			isa = PBXGroup;
			children = (
				7EF8D0B6279490BE00B45A5B /* bezierTests.swift */,
				7EF8D0B8279490BE00B45A5B /* Info.plist */,
			);
			path = bezierTests;
			sourceTree = "<group>";
		};
		7EF8D0C0279490BE00B45A5B /* bezierUITests */ = {
			isa = PBXGroup;
			children = (
				7EF8D0C1279490BE00B45A5B /* bezierUITests.swift */,
				7EF8D0C3279490BE00B45A5B /* Info.plist */,
			);
			path = bezierUITests;
			sourceTree = "<group>";
		};
/* End PBXGroup section */

/* Begin PBXNativeTarget section */
		7EF8D098279490BC00B45A5B /* bezier */ = {
			isa = PBXNativeTarget;
			buildConfigurationList = 7EF8D0C6279490BE00B45A5B /* Build configuration list for PBXNativeTarget "bezier" */;
			buildPhases = (
				7EF8D095279490BC00B45A5B /* Sources */,
				7EF8D096279490BC00B45A5B /* Frameworks */,
				7EF8D097279490BC00B45A5B /* Resources */,
			);
			buildRules = (
			);
			dependencies = (
			);
			name = bezier;
			productName = bezier;
			productReference = 7EF8D099279490BC00B45A5B /* bezier.app */;
			productType = "com.apple.product-type.application";
		};
		7EF8D0B1279490BD00B45A5B /* bezierTests */ = {
			isa = PBXNativeTarget;
			buildConfigurationList = 7EF8D0C9279490BE00B45A5B /* Build configuration list for PBXNativeTarget "bezierTests" */;
			buildPhases = (
				7EF8D0AE279490BD00B45A5B /* Sources */,
				7EF8D0AF279490BD00B45A5B /* Frameworks */,
				7EF8D0B0279490BD00B45A5B /* Resources */,
			);
			buildRules = (
			);
			dependencies = (
				7EF8D0B4279490BD00B45A5B /* PBXTargetDependency */,
			);
			name = bezierTests;
			productName = bezierTests;
			productReference = 7EF8D0B2279490BD00B45A5B /* bezierTests.xctest */;
			productType = "com.apple.product-type.bundle.unit-test";
		};
		7EF8D0BC279490BE00B45A5B /* bezierUITests */ = {
			isa = PBXNativeTarget;
			buildConfigurationList = 7EF8D0CC279490BE00B45A5B /* Build configuration list for PBXNativeTarget "bezierUITests" */;
			buildPhases = (
				7EF8D0B9279490BE00B45A5B /* Sources */,
				7EF8D0BA279490BE00B45A5B /* Frameworks */,
				7EF8D0BB279490BE00B45A5B /* Resources */,
			);
			buildRules = (
			);
			dependencies = (
				7EF8D0BF279490BE00B45A5B /* PBXTargetDependency */,
			);
			name = bezierUITests;
			productName = bezierUITests;
			productReference = 7EF8D0BD279490BE00B45A5B /* bezierUITests.xctest */;
			productType = "com.apple.product-type.bundle.ui-testing";
		};
/* End PBXNativeTarget section */

/* Begin PBXProject section */
		7EF8D091279490BC00B45A5B /* Project object */ = {
			isa = PBXProject;
			attributes = {
				LastSwiftUpdateCheck = 1240;
				LastUpgradeCheck = 1240;
				TargetAttributes = {
					7EF8D098279490BC00B45A5B = {
						CreatedOnToolsVersion = 12.4;
					};
					7EF8D0B1279490BD00B45A5B = {
						CreatedOnToolsVersion = 12.4;
						TestTargetID = 7EF8D098279490BC00B45A5B;
					};
					7EF8D0BC279490BE00B45A5B = {
						CreatedOnToolsVersion = 12.4;
						TestTargetID = 7EF8D098279490BC00B45A5B;
					};
				};
			};
			buildConfigurationList = 7EF8D094279490BC00B45A5B /* Build configuration list for PBXProject "bezier" */;
			compatibilityVersion = "Xcode 9.3";
			developmentRegion = en;
			hasScannedForEncodings = 0;
			knownRegions = (
				en,
				Base,
			);
			mainGroup = 7EF8D090279490BC00B45A5B;
			productRefGroup = 7EF8D09A279490BC00B45A5B /* Products */;
			projectDirPath = "";
			projectRoot = "";
			targets = (
				7EF8D098279490BC00B45A5B /* bezier */,
				7EF8D0B1279490BD00B45A5B /* bezierTests */,
				7EF8D0BC279490BE00B45A5B /* bezierUITests */,
			);
		};
/* End PBXProject section */

/* Begin PBXResourcesBuildPhase section */
		7EF8D097279490BC00B45A5B /* Resources */ = {
			isa = PBXResourcesBuildPhase;
			buildActionMask = 2147483647;
			files = (
				7EF8D0AC279490BD00B45A5B /* LaunchScreen.storyboard in Resources */,
				7EF8D0A9279490BD00B45A5B /* Assets.xcassets in Resources */,
				7EF8D0A4279490BC00B45A5B /* Main.storyboard in Resources */,
			);
			runOnlyForDeploymentPostprocessing = 0;
		};
		7EF8D0B0279490BD00B45A5B /* Resources */ = {
			isa = PBXResourcesBuildPhase;
			buildActionMask = 2147483647;
			files = (
			);
			runOnlyForDeploymentPostprocessing = 0;
		};
		7EF8D0BB279490BE00B45A5B /* Resources */ = {
			isa = PBXResourcesBuildPhase;
			buildActionMask = 2147483647;
			files = (
			);
			runOnlyForDeploymentPostprocessing = 0;
		};
/* End PBXResourcesBuildPhase section */

/* Begin PBXSourcesBuildPhase section */
		7EF8D095279490BC00B45A5B /* Sources */ = {
			isa = PBXSourcesBuildPhase;
			buildActionMask = 2147483647;
			files = (
				7EF8D0A7279490BC00B45A5B /* bezier.xcdatamodeld in Sources */,
				7EF8D0A1279490BC00B45A5B /* ViewController.swift in Sources */,
				7EF8D09D279490BC00B45A5B /* AppDelegate.swift in Sources */,
				7EF8D09F279490BC00B45A5B /* SceneDelegate.swift in Sources */,
			);
			runOnlyForDeploymentPostprocessing = 0;
		};
		7EF8D0AE279490BD00B45A5B /* Sources */ = {
			isa = PBXSourcesBuildPhase;
			buildActionMask = 2147483647;
			files = (
				7EF8D0B7279490BE00B45A5B /* bezierTests.swift in Sources */,
			);
			runOnlyForDeploymentPostprocessing = 0;
		};
		7EF8D0B9279490BE00B45A5B /* Sources */ = {
			isa = PBXSourcesBuildPhase;
			buildActionMask = 2147483647;
			files = (
				7EF8D0C2279490BE00B45A5B /* bezierUITests.swift in Sources */,
			);
			runOnlyForDeploymentPostprocessing = 0;
		};
/* End PBXSourcesBuildPhase section */

/* Begin PBXTargetDependency section */
		7EF8D0B4279490BD00B45A5B /* PBXTargetDependency */ = {
			isa = PBXTargetDependency;
			target = 7EF8D098279490BC00B45A5B /* bezier */;
			targetProxy = 7EF8D0B3279490BD00B45A5B /* PBXContainerItemProxy */;
		};
		7EF8D0BF279490BE00B45A5B /* PBXTargetDependency */ = {
			isa = PBXTargetDependency;
			target = 7EF8D098279490BC00B45A5B /* bezier */;
			targetProxy = 7EF8D0BE279490BE00B45A5B /* PBXContainerItemProxy */;
		};
/* End PBXTargetDependency section */

/* Begin PBXVariantGroup section */
		7EF8D0A2279490BC00B45A5B /* Main.storyboard */ = {
			isa = PBXVariantGroup;
			children = (
				7EF8D0A3279490BC00B45A5B /* Base */,
			);
			name = Main.storyboard;
			sourceTree = "<group>";
		};
		7EF8D0AA279490BD00B45A5B /* LaunchScreen.storyboard */ = {
			isa = PBXVariantGroup;
			children = (
				7EF8D0AB279490BD00B45A5B /* Base */,
			);
			name = LaunchScreen.storyboard;
			sourceTree = "<group>";
		};
/* End PBXVariantGroup section */

/* Begin XCBuildConfiguration section */
		7EF8D0C4279490BE00B45A5B /* Debug */ = {
			isa = XCBuildConfiguration;
			buildSettings = {
				ALWAYS_SEARCH_USER_PATHS = NO;
				CLANG_ANALYZER_NONNULL = YES;
				CLANG_ANALYZER_NUMBER_OBJECT_CONVERSION = YES_AGGRESSIVE;
				CLANG_CXX_LANGUAGE_STANDARD = "gnu++14";
				CLANG_CXX_LIBRARY = "libc++";
				CLANG_ENABLE_MODULES = YES;
				CLANG_ENABLE_OBJC_ARC = YES;
				CLANG_ENABLE_OBJC_WEAK = YES;
				CLANG_WARN_BLOCK_CAPTURE_AUTORELEASING = YES;
				CLANG_WARN_BOOL_CONVERSION = YES;
				CLANG_WARN_COMMA = YES;
				CLANG_WARN_CONSTANT_CONVERSION = YES;
				CLANG_WARN_DEPRECATED_OBJC_IMPLEMENTATIONS = YES;
				CLANG_WARN_DIRECT_OBJC_ISA_USAGE = YES_ERROR;
				CLANG_WARN_DOCUMENTATION_COMMENTS = YES;
				CLANG_WARN_EMPTY_BODY = YES;
				CLANG_WARN_ENUM_CONVERSION = YES;
				CLANG_WARN_INFINITE_RECURSION = YES;
				CLANG_WARN_INT_CONVERSION = YES;
				CLANG_WARN_NON_LITERAL_NULL_CONVERSION = YES;
				CLANG_WARN_OBJC_IMPLICIT_RETAIN_SELF = YES;
				CLANG_WARN_OBJC_LITERAL_CONVERSION = YES;
				CLANG_WARN_OBJC_ROOT_CLASS = YES_ERROR;
				CLANG_WARN_QUOTED_INCLUDE_IN_FRAMEWORK_HEADER = YES;
				CLANG_WARN_RANGE_LOOP_ANALYSIS = YES;
				CLANG_WARN_STRICT_PROTOTYPES = YES;
				CLANG_WARN_SUSPICIOUS_MOVE = YES;
				CLANG_WARN_UNGUARDED_AVAILABILITY = YES_AGGRESSIVE;
				CLANG_WARN_UNREACHABLE_CODE = YES;
				CLANG_WARN__DUPLICATE_METHOD_MATCH = YES;
				COPY_PHASE_STRIP = NO;
				DEBUG_INFORMATION_FORMAT = dwarf;
				ENABLE_STRICT_OBJC_MSGSEND = YES;
				ENABLE_TESTABILITY = YES;
				GCC_C_LANGUAGE_STANDARD = gnu11;
				GCC_DYNAMIC_NO_PIC = NO;
				GCC_NO_COMMON_BLOCKS = YES;
				GCC_OPTIMIZATION_LEVEL = 0;
				GCC_PREPROCESSOR_DEFINITIONS = (
					"DEBUG=1",
					"$(inherited)",
				);
				GCC_WARN_64_TO_32_BIT_CONVERSION = YES;
				GCC_WARN_ABOUT_RETURN_TYPE = YES_ERROR;
				GCC_WARN_UNDECLARED_SELECTOR = YES;
				GCC_WARN_UNINITIALIZED_AUTOS = YES_AGGRESSIVE;
				GCC_WARN_UNUSED_FUNCTION = YES;
				GCC_WARN_UNUSED_VARIABLE = YES;
				IPHONEOS_DEPLOYMENT_TARGET = 14.4;
				MTL_ENABLE_DEBUG_INFO = INCLUDE_SOURCE;
				MTL_FAST_MATH = YES;
				ONLY_ACTIVE_ARCH = YES;
				SDKROOT = iphoneos;
				SWIFT_ACTIVE_COMPILATION_CONDITIONS = DEBUG;
				SWIFT_OPTIMIZATION_LEVEL = "-Onone";
			};
			name = Debug;
		};
		7EF8D0C5279490BE00B45A5B /* Release */ = {
			isa = XCBuildConfiguration;
			buildSettings = {
				ALWAYS_SEARCH_USER_PATHS = NO;
				CLANG_ANALYZER_NONNULL = YES;
				CLANG_ANALYZER_NUMBER_OBJECT_CONVERSION = YES_AGGRESSIVE;
				CLANG_CXX_LANGUAGE_STANDARD = "gnu++14";
				CLANG_CXX_LIBRARY = "libc++";
				CLANG_ENABLE_MODULES = YES;
				CLANG_ENABLE_OBJC_ARC = YES;
				CLANG_ENABLE_OBJC_WEAK = YES;
				CLANG_WARN_BLOCK_CAPTURE_AUTORELEASING = YES;
				CLANG_WARN_BOOL_CONVERSION = YES;
				CLANG_WARN_COMMA = YES;
				CLANG_WARN_CONSTANT_CONVERSION = YES;
				CLANG_WARN_DEPRECATED_OBJC_IMPLEMENTATIONS = YES;
				CLANG_WARN_DIRECT_OBJC_ISA_USAGE = YES_ERROR;
				CLANG_WARN_DOCUMENTATION_COMMENTS = YES;
				CLANG_WARN_EMPTY_BODY = YES;
				CLANG_WARN_ENUM_CONVERSION = YES;
				CLANG_WARN_INFINITE_RECURSION = YES;
				CLANG_WARN_INT_CONVERSION = YES;
				CLANG_WARN_NON_LITERAL_NULL_CONVERSION = YES;
				CLANG_WARN_OBJC_IMPLICIT_RETAIN_SELF = YES;
				CLANG_WARN_OBJC_LITERAL_CONVERSION = YES;
				CLANG_WARN_OBJC_ROOT_CLASS = YES_ERROR;
				CLANG_WARN_QUOTED_INCLUDE_IN_FRAMEWORK_HEADER = YES;
				CLANG_WARN_RANGE_LOOP_ANALYSIS = YES;
				CLANG_WARN_STRICT_PROTOTYPES = YES;
				CLANG_WARN_SUSPICIOUS_MOVE = YES;
				CLANG_WARN_UNGUARDED_AVAILABILITY = YES_AGGRESSIVE;
				CLANG_WARN_UNREACHABLE_CODE = YES;
				CLANG_WARN__DUPLICATE_METHOD_MATCH = YES;
				COPY_PHASE_STRIP = NO;
				DEBUG_INFORMATION_FORMAT = "dwarf-with-dsym";
				ENABLE_NS_ASSERTIONS = NO;
				ENABLE_STRICT_OBJC_MSGSEND = YES;
				GCC_C_LANGUAGE_STANDARD = gnu11;
				GCC_NO_COMMON_BLOCKS = YES;
				GCC_WARN_64_TO_32_BIT_CONVERSION = YES;
				GCC_WARN_ABOUT_RETURN_TYPE = YES_ERROR;
				GCC_WARN_UNDECLARED_SELECTOR = YES;
				GCC_WARN_UNINITIALIZED_AUTOS = YES_AGGRESSIVE;
				GCC_WARN_UNUSED_FUNCTION = YES;
				GCC_WARN_UNUSED_VARIABLE = YES;
				IPHONEOS_DEPLOYMENT_TARGET = 14.4;
				MTL_ENABLE_DEBUG_INFO = NO;
				MTL_FAST_MATH = YES;
				SDKROOT = iphoneos;
				SWIFT_COMPILATION_MODE = wholemodule;
				SWIFT_OPTIMIZATION_LEVEL = "-O";
				VALIDATE_PRODUCT = YES;
			};
			name = Release;
		};
		7EF8D0C7279490BE00B45A5B /* Debug */ = {
			isa = XCBuildConfiguration;
			buildSettings = {
				ASSETCATALOG_COMPILER_APPICON_NAME = AppIcon;
				ASSETCATALOG_COMPILER_GLOBAL_ACCENT_COLOR_NAME = AccentColor;
				CODE_SIGN_STYLE = Automatic;
				INFOPLIST_FILE = bezier/Info.plist;
				LD_RUNPATH_SEARCH_PATHS = (
					"$(inherited)",
					"@executable_path/Frameworks",
				);
				PRODUCT_BUNDLE_IDENTIFIER = com.exmaple.bezier;
				PRODUCT_NAME = "$(TARGET_NAME)";
				SWIFT_VERSION = 5.0;
				TARGETED_DEVICE_FAMILY = "1,2";
			};
			name = Debug;
		};
		7EF8D0C8279490BE00B45A5B /* Release */ = {
			isa = XCBuildConfiguration;
			buildSettings = {
				ASSETCATALOG_COMPILER_APPICON_NAME = AppIcon;
				ASSETCATALOG_COMPILER_GLOBAL_ACCENT_COLOR_NAME = AccentColor;
				CODE_SIGN_STYLE = Automatic;
				INFOPLIST_FILE = bezier/Info.plist;
				LD_RUNPATH_SEARCH_PATHS = (
					"$(inherited)",
					"@executable_path/Frameworks",
				);
				PRODUCT_BUNDLE_IDENTIFIER = com.exmaple.bezier;
				PRODUCT_NAME = "$(TARGET_NAME)";
				SWIFT_VERSION = 5.0;
				TARGETED_DEVICE_FAMILY = "1,2";
			};
			name = Release;
		};
		7EF8D0CA279490BE00B45A5B /* Debug */ = {
			isa = XCBuildConfiguration;
			buildSettings = {
				ALWAYS_EMBED_SWIFT_STANDARD_LIBRARIES = YES;
				BUNDLE_LOADER = "$(TEST_HOST)";
				CODE_SIGN_STYLE = Automatic;
				INFOPLIST_FILE = bezierTests/Info.plist;
				IPHONEOS_DEPLOYMENT_TARGET = 14.4;
				LD_RUNPATH_SEARCH_PATHS = (
					"$(inherited)",
					"@executable_path/Frameworks",
					"@loader_path/Frameworks",
				);
				PRODUCT_BUNDLE_IDENTIFIER = com.exmaple.bezierTests;
				PRODUCT_NAME = "$(TARGET_NAME)";
				SWIFT_VERSION = 5.0;
				TARGETED_DEVICE_FAMILY = "1,2";
				TEST_HOST = "$(BUILT_PRODUCTS_DIR)/bezier.app/bezier";
			};
			name = Debug;
		};
		7EF8D0CB279490BE00B45A5B /* Release */ = {
			isa = XCBuildConfiguration;
			buildSettings = {
				ALWAYS_EMBED_SWIFT_STANDARD_LIBRARIES = YES;
				BUNDLE_LOADER = "$(TEST_HOST)";
				CODE_SIGN_STYLE = Automatic;
				INFOPLIST_FILE = bezierTests/Info.plist;
				IPHONEOS_DEPLOYMENT_TARGET = 14.4;
				LD_RUNPATH_SEARCH_PATHS = (
					"$(inherited)",
					"@executable_path/Frameworks",
					"@loader_path/Frameworks",
				);
				PRODUCT_BUNDLE_IDENTIFIER = com.exmaple.bezierTests;
				PRODUCT_NAME = "$(TARGET_NAME)";
				SWIFT_VERSION = 5.0;
				TARGETED_DEVICE_FAMILY = "1,2";
				TEST_HOST = "$(BUILT_PRODUCTS_DIR)/bezier.app/bezier";
			};
			name = Release;
		};
		7EF8D0CD279490BE00B45A5B /* Debug */ = {
			isa = XCBuildConfiguration;
			buildSettings = {
				ALWAYS_EMBED_SWIFT_STANDARD_LIBRARIES = YES;
				CODE_SIGN_STYLE = Automatic;
				INFOPLIST_FILE = bezierUITests/Info.plist;
				LD_RUNPATH_SEARCH_PATHS = (
					"$(inherited)",
					"@executable_path/Frameworks",
					"@loader_path/Frameworks",
				);
				PRODUCT_BUNDLE_IDENTIFIER = com.exmaple.bezierUITests;
				PRODUCT_NAME = "$(TARGET_NAME)";
				SWIFT_VERSION = 5.0;
				TARGETED_DEVICE_FAMILY = "1,2";
				TEST_TARGET_NAME = bezier;
			};
			name = Debug;
		};
		7EF8D0CE279490BE00B45A5B /* Release */ = {
			isa = XCBuildConfiguration;
			buildSettings = {
				ALWAYS_EMBED_SWIFT_STANDARD_LIBRARIES = YES;
				CODE_SIGN_STYLE = Automatic;
				INFOPLIST_FILE = bezierUITests/Info.plist;
				LD_RUNPATH_SEARCH_PATHS = (
					"$(inherited)",
					"@executable_path/Frameworks",
					"@loader_path/Frameworks",
				);
				PRODUCT_BUNDLE_IDENTIFIER = com.exmaple.bezierUITests;
				PRODUCT_NAME = "$(TARGET_NAME)";
				SWIFT_VERSION = 5.0;
				TARGETED_DEVICE_FAMILY = "1,2";
				TEST_TARGET_NAME = bezier;
			};
			name = Release;
		};
/* End XCBuildConfiguration section */

/* Begin XCConfigurationList section */
		7EF8D094279490BC00B45A5B /* Build configuration list for PBXProject "bezier" */ = {
			isa = XCConfigurationList;
			buildConfigurations = (
				7EF8D0C4279490BE00B45A5B /* Debug */,
				7EF8D0C5279490BE00B45A5B /* Release */,
			);
			defaultConfigurationIsVisible = 0;
			defaultConfigurationName = Release;
		};
		7EF8D0C6279490BE00B45A5B /* Build configuration list for PBXNativeTarget "bezier" */ = {
			isa = XCConfigurationList;
			buildConfigurations = (
				7EF8D0C7279490BE00B45A5B /* Debug */,
				7EF8D0C8279490BE00B45A5B /* Release */,
			);
			defaultConfigurationIsVisible = 0;
			defaultConfigurationName = Release;
		};
		7EF8D0C9279490BE00B45A5B /* Build configuration list for PBXNativeTarget "bezierTests" */ = {
			isa = XCConfigurationList;
			buildConfigurations = (
				7EF8D0CA279490BE00B45A5B /* Debug */,
				7EF8D0CB279490BE00B45A5B /* Release */,
			);
			defaultConfigurationIsVisible = 0;
			defaultConfigurationName = Release;
		};
		7EF8D0CC279490BE00B45A5B /* Build configuration list for PBXNativeTarget "bezierUITests" */ = {
			isa = XCConfigurationList;
			buildConfigurations = (
				7EF8D0CD279490BE00B45A5B /* Debug */,
				7EF8D0CE279490BE00B45A5B /* Release */,
			);
			defaultConfigurationIsVisible = 0;
			defaultConfigurationName = Release;
		};
/* End XCConfigurationList section */

/* Begin XCVersionGroup section */
		7EF8D0A5279490BC00B45A5B /* bezier.xcdatamodeld */ = {
			isa = XCVersionGroup;
			children = (
				7EF8D0A6279490BC00B45A5B /* bezier.xcdatamodel */,
			);
			currentVersion = 7EF8D0A6279490BC00B45A5B /* bezier.xcdatamodel */;
			path = bezier.xcdatamodeld;
			sourceTree = "<group>";
			versionGroupType = wrapper.xcdatamodel;
		};
/* End XCVersionGroup section */
	};
	rootObject = 7EF8D091279490BC00B45A5B /* Project object */;
}
